
Microsoft Visual Studio Solution File, Format Version 12.00
# Visual Studio Version 16
VisualStudioVersion = 16.0.30128.74
MinimumVisualStudioVersion = 10.0.40219.1
Project("{FAE04EC0-301F-11D3-BF4B-00C04F79EFBC}") = "ConsoleApp8", "ConsoleApp8.csproj", "{AE7AF53A-C803-4B15-97B7-75AC9A2E60AB}"
EndProject
Global
	GlobalSection(SolutionConfigurationPlatforms) = preSolution
		Debug|Any CPU = Debug|Any CPU
		Release|Any CPU = Release|Any CPU
	EndGlobalSection
	GlobalSection(ProjectConfigurationPlatforms) = postSolution
		{AE7AF53A-C803-4B15-97B7-75AC9A2E60AB}.Debug|Any CPU.ActiveCfg = Debug|Any CPU
		{AE7AF53A-C803-4B15-97B7-75AC9A2E60AB}.Debug|Any CPU.Build.0 = Debug|Any CPU
		{AE7AF53A-C803-4B15-97B7-75AC9A2E60AB}.Release|Any CPU.ActiveCfg = Release|Any CPU
		{AE7AF53A-C803-4B15-97B7-75AC9A2E60AB}.Release|Any CPU.Build.0 = Release|Any CPU
	EndGlobalSection
	GlobalSection(SolutionProperties) = preSolution
		HideSolutionNode = FALSE
	EndGlobalSection
	GlobalSection(ExtensibilityGlobals) = postSolution
		SolutionGuid = {9F234DFD-947C-4C4E-A7C0-0F401E0974CC}
	EndGlobalSection
EndGlobal
